
Microsoft Visual Studio Solution File, Format Version 12.00
# Visual Studio 15
VisualStudioVersion = 15.0.28010.2046
MinimumVisualStudioVersion = 10.0.40219.1
Project("{E24C65DC-7377-472B-9ABA-BC803B73C61A}") = "Usuario", "Usuario\", "{7A1D476C-4C93-473C-B0C1-ED10B6217437}"
	ProjectSection(WebsiteProperties) = preProject
		TargetFrameworkMoniker = ".NETFramework,Version%3Dv4.6.1"
		ProjectReferences = "{c9d62baa-4fce-4d76-bed5-3dfd29454575}|CapaNegocios.dll;{EBD8D3FE-F5C5-47BE-A4F5-B95A96644162}|CapaDatos.dll;"
		Debug.AspNetCompiler.VirtualPath = "/localhost_58226"
		Debug.AspNetCompiler.PhysicalPath = "Usuario\"
		Debug.AspNetCompiler.TargetPath = "PrecompiledWeb\localhost_58226\"
		Debug.AspNetCompiler.Updateable = "true"
		Debug.AspNetCompiler.ForceOverwrite = "true"
		Debug.AspNetCompiler.FixedNames = "false"
		Debug.AspNetCompiler.Debug = "True"
		Release.AspNetCompiler.VirtualPath = "/localhost_58226"
		Release.AspNetCompiler.PhysicalPath = "Usuario\"
		Release.AspNetCompiler.TargetPath = "PrecompiledWeb\localhost_58226\"
		Release.AspNetCompiler.Updateable = "true"
		Release.AspNetCompiler.ForceOverwrite = "true"
		Release.AspNetCompiler.FixedNames = "false"
		Release.AspNetCompiler.Debug = "False"
		VWDPort = "58226"
		SlnRelativePath = "Usuario\"
		DefaultWebSiteLanguage = "Visual C#"
	EndProjectSection
EndProject
Project("{FAE04EC0-301F-11D3-BF4B-00C04F79EFBC}") = "CapaDatos", "CapaDatos\CapaDatos.csproj", "{EBD8D3FE-F5C5-47BE-A4F5-B95A96644162}"
EndProject
Project("{FAE04EC0-301F-11D3-BF4B-00C04F79EFBC}") = "CapaNegocios", "CapaNegocios\CapaNegocios.csproj", "{C9D62BAA-4FCE-4D76-BED5-3DFD29454575}"
EndProject
Global
	GlobalSection(SolutionConfigurationPlatforms) = preSolution
		Debug|Any CPU = Debug|Any CPU
		Release|Any CPU = Release|Any CPU
	EndGlobalSection
	GlobalSection(ProjectConfigurationPlatforms) = postSolution
		{7A1D476C-4C93-473C-B0C1-ED10B6217437}.Debug|Any CPU.ActiveCfg = Debug|Any CPU
		{7A1D476C-4C93-473C-B0C1-ED10B6217437}.Debug|Any CPU.Build.0 = Debug|Any CPU
		{7A1D476C-4C93-473C-B0C1-ED10B6217437}.Release|Any CPU.ActiveCfg = Debug|Any CPU
		{7A1D476C-4C93-473C-B0C1-ED10B6217437}.Release|Any CPU.Build.0 = Debug|Any CPU
		{EBD8D3FE-F5C5-47BE-A4F5-B95A96644162}.Debug|Any CPU.ActiveCfg = Debug|Any CPU
		{EBD8D3FE-F5C5-47BE-A4F5-B95A96644162}.Debug|Any CPU.Build.0 = Debug|Any CPU
		{EBD8D3FE-F5C5-47BE-A4F5-B95A96644162}.Release|Any CPU.ActiveCfg = Release|Any CPU
		{EBD8D3FE-F5C5-47BE-A4F5-B95A96644162}.Release|Any CPU.Build.0 = Release|Any CPU
		{C9D62BAA-4FCE-4D76-BED5-3DFD29454575}.Debug|Any CPU.ActiveCfg = Debug|Any CPU
		{C9D62BAA-4FCE-4D76-BED5-3DFD29454575}.Debug|Any CPU.Build.0 = Debug|Any CPU
		{C9D62BAA-4FCE-4D76-BED5-3DFD29454575}.Release|Any CPU.ActiveCfg = Release|Any CPU
		{C9D62BAA-4FCE-4D76-BED5-3DFD29454575}.Release|Any CPU.Build.0 = Release|Any CPU
	EndGlobalSection
	GlobalSection(SolutionProperties) = preSolution
		HideSolutionNode = FALSE
	EndGlobalSection
	GlobalSection(ExtensibilityGlobals) = postSolution
		SolutionGuid = {5D700EC5-2199-4951-B45C-F9C85DF334E3}
	EndGlobalSection
EndGlobal
